
Microsoft Visual Studio Solution File, Format Version 12.00
# Visual Studio 15
VisualStudioVersion = 15.0.28307.902
MinimumVisualStudioVersion = 10.0.40219.1
Project("{FAE04EC0-301F-11D3-BF4B-00C04F79EFBC}") = "Wash2.Android", "Wash2\Wash2.Android\Wash2.Android.csproj", "{EB050561-F838-4421-84E5-0CDDE12C034E}"
EndProject
Project("{FAE04EC0-301F-11D3-BF4B-00C04F79EFBC}") = "Wash2.iOS", "Wash2\Wash2.iOS\Wash2.iOS.csproj", "{BA915196-873F-46A6-99F5-8B738404167D}"
EndProject
Project("{FAE04EC0-301F-11D3-BF4B-00C04F79EFBC}") = "Wash2", "Wash2\Wash2\Wash2.csproj", "{599ABE8E-BED7-4764-9AA6-CC1554609B4E}"
EndProject
Global
	GlobalSection(SolutionConfigurationPlatforms) = preSolution
		Ad-Hoc|Any CPU = Ad-Hoc|Any CPU
		Ad-Hoc|iPhone = Ad-Hoc|iPhone
		Ad-Hoc|iPhoneSimulator = Ad-Hoc|iPhoneSimulator
		AppStore|Any CPU = AppStore|Any CPU
		AppStore|iPhone = AppStore|iPhone
		AppStore|iPhoneSimulator = AppStore|iPhoneSimulator
		Debug|Any CPU = Debug|Any CPU
		Debug|iPhone = Debug|iPhone
		Debug|iPhoneSimulator = Debug|iPhoneSimulator
		Release|Any CPU = Release|Any CPU
		Release|iPhone = Release|iPhone
		Release|iPhoneSimulator = Release|iPhoneSimulator
	EndGlobalSection
	GlobalSection(ProjectConfigurationPlatforms) = postSolution
		{EB050561-F838-4421-84E5-0CDDE12C034E}.Ad-Hoc|Any CPU.ActiveCfg = Release|Any CPU
		{EB050561-F838-4421-84E5-0CDDE12C034E}.Ad-Hoc|Any CPU.Build.0 = Release|Any CPU
		{EB050561-F838-4421-84E5-0CDDE12C034E}.Ad-Hoc|Any CPU.Deploy.0 = Release|Any CPU
		{EB050561-F838-4421-84E5-0CDDE12C034E}.Ad-Hoc|iPhone.ActiveCfg = Release|Any CPU
		{EB050561-F838-4421-84E5-0CDDE12C034E}.Ad-Hoc|iPhone.Build.0 = Release|Any CPU
		{EB050561-F838-4421-84E5-0CDDE12C034E}.Ad-Hoc|iPhone.Deploy.0 = Release|Any CPU
		{EB050561-F838-4421-84E5-0CDDE12C034E}.Ad-Hoc|iPhoneSimulator.ActiveCfg = Release|Any CPU
		{EB050561-F838-4421-84E5-0CDDE12C034E}.Ad-Hoc|iPhoneSimulator.Build.0 = Release|Any CPU
		{EB050561-F838-4421-84E5-0CDDE12C034E}.Ad-Hoc|iPhoneSimulator.Deploy.0 = Release|Any CPU
		{EB050561-F838-4421-84E5-0CDDE12C034E}.AppStore|Any CPU.ActiveCfg = Release|Any CPU
		{EB050561-F838-4421-84E5-0CDDE12C034E}.AppStore|Any CPU.Build.0 = Release|Any CPU
		{EB050561-F838-4421-84E5-0CDDE12C034E}.AppStore|Any CPU.Deploy.0 = Release|Any CPU
		{EB050561-F838-4421-84E5-0CDDE12C034E}.AppStore|iPhone.ActiveCfg = Release|Any CPU
		{EB050561-F838-4421-84E5-0CDDE12C034E}.AppStore|iPhone.Build.0 = Release|Any CPU
		{EB050561-F838-4421-84E5-0CDDE12C034E}.AppStore|iPhone.Deploy.0 = Release|Any CPU
		{EB050561-F838-4421-84E5-0CDDE12C034E}.AppStore|iPhoneSimulator.ActiveCfg = Release|Any CPU
		{EB050561-F838-4421-84E5-0CDDE12C034E}.AppStore|iPhoneSimulator.Build.0 = Release|Any CPU
		{EB050561-F838-4421-84E5-0CDDE12C034E}.AppStore|iPhoneSimulator.Deploy.0 = Release|Any CPU
		{EB050561-F838-4421-84E5-0CDDE12C034E}.Debug|Any CPU.ActiveCfg = Debug|Any CPU
		{EB050561-F838-4421-84E5-0CDDE12C034E}.Debug|Any CPU.Build.0 = Debug|Any CPU
		{EB050561-F838-4421-84E5-0CDDE12C034E}.Debug|Any CPU.Deploy.0 = Debug|Any CPU
		{EB050561-F838-4421-84E5-0CDDE12C034E}.Debug|iPhone.ActiveCfg = Debug|Any CPU
		{EB050561-F838-4421-84E5-0CDDE12C034E}.Debug|iPhone.Build.0 = Debug|Any CPU
		{EB050561-F838-4421-84E5-0CDDE12C034E}.Debug|iPhone.Deploy.0 = Debug|Any CPU
		{EB050561-F838-4421-84E5-0CDDE12C034E}.Debug|iPhoneSimulator.ActiveCfg = Debug|Any CPU
		{EB050561-F838-4421-84E5-0CDDE12C034E}.Debug|iPhoneSimulator.Build.0 = Debug|Any CPU
		{EB050561-F838-4421-84E5-0CDDE12C034E}.Debug|iPhoneSimulator.Deploy.0 = Debug|Any CPU
		{EB050561-F838-4421-84E5-0CDDE12C034E}.Release|Any CPU.ActiveCfg = Release|Any CPU
		{EB050561-F838-4421-84E5-0CDDE12C034E}.Release|Any CPU.Build.0 = Release|Any CPU
		{EB050561-F838-4421-84E5-0CDDE12C034E}.Release|Any CPU.Deploy.0 = Release|Any CPU
		{EB050561-F838-4421-84E5-0CDDE12C034E}.Release|iPhone.ActiveCfg = Release|Any CPU
		{EB050561-F838-4421-84E5-0CDDE12C034E}.Release|iPhone.Build.0 = Release|Any CPU
		{EB050561-F838-4421-84E5-0CDDE12C034E}.Release|iPhone.Deploy.0 = Release|Any CPU
		{EB050561-F838-4421-84E5-0CDDE12C034E}.Release|iPhoneSimulator.ActiveCfg = Release|Any CPU
		{EB050561-F838-4421-84E5-0CDDE12C034E}.Release|iPhoneSimulator.Build.0 = Release|Any CPU
		{EB050561-F838-4421-84E5-0CDDE12C034E}.Release|iPhoneSimulator.Deploy.0 = Release|Any CPU
		{BA915196-873F-46A6-99F5-8B738404167D}.Ad-Hoc|Any CPU.ActiveCfg = Ad-Hoc|iPhone
		{BA915196-873F-46A6-99F5-8B738404167D}.Ad-Hoc|Any CPU.Build.0 = Ad-Hoc|iPhone
		{BA915196-873F-46A6-99F5-8B738404167D}.Ad-Hoc|Any CPU.Deploy.0 = Ad-Hoc|iPhone
		{BA915196-873F-46A6-99F5-8B738404167D}.Ad-Hoc|iPhone.ActiveCfg = Ad-Hoc|iPhone
		{BA915196-873F-46A6-99F5-8B738404167D}.Ad-Hoc|iPhone.Build.0 = Ad-Hoc|iPhone
		{BA915196-873F-46A6-99F5-8B738404167D}.Ad-Hoc|iPhone.Deploy.0 = Ad-Hoc|iPhone
		{BA915196-873F-46A6-99F5-8B738404167D}.Ad-Hoc|iPhoneSimulator.ActiveCfg = Ad-Hoc|iPhoneSimulator
		{BA915196-873F-46A6-99F5-8B738404167D}.Ad-Hoc|iPhoneSimulator.Build.0 = Ad-Hoc|iPhoneSimulator
		{BA915196-873F-46A6-99F5-8B738404167D}.Ad-Hoc|iPhoneSimulator.Deploy.0 = Ad-Hoc|iPhoneSimulator
		{BA915196-873F-46A6-99F5-8B738404167D}.AppStore|Any CPU.ActiveCfg = AppStore|iPhone
		{BA915196-873F-46A6-99F5-8B738404167D}.AppStore|Any CPU.Build.0 = AppStore|iPhone
		{BA915196-873F-46A6-99F5-8B738404167D}.AppStore|Any CPU.Deploy.0 = AppStore|iPhone
		{BA915196-873F-46A6-99F5-8B738404167D}.AppStore|iPhone.ActiveCfg = AppStore|iPhone
		{BA915196-873F-46A6-99F5-8B738404167D}.AppStore|iPhone.Build.0 = AppStore|iPhone
		{BA915196-873F-46A6-99F5-8B738404167D}.AppStore|iPhone.Deploy.0 = AppStore|iPhone
		{BA915196-873F-46A6-99F5-8B738404167D}.AppStore|iPhoneSimulator.ActiveCfg = AppStore|iPhoneSimulator
		{BA915196-873F-46A6-99F5-8B738404167D}.AppStore|iPhoneSimulator.Build.0 = AppStore|iPhoneSimulator
		{BA915196-873F-46A6-99F5-8B738404167D}.AppStore|iPhoneSimulator.Deploy.0 = AppStore|iPhoneSimulator
		{BA915196-873F-46A6-99F5-8B738404167D}.Debug|Any CPU.ActiveCfg = Debug|iPhoneSimulator
		{BA915196-873F-46A6-99F5-8B738404167D}.Debug|Any CPU.Build.0 = Debug|iPhoneSimulator
		{BA915196-873F-46A6-99F5-8B738404167D}.Debug|Any CPU.Deploy.0 = Debug|iPhoneSimulator
		{BA915196-873F-46A6-99F5-8B738404167D}.Debug|iPhone.ActiveCfg = Debug|iPhone
		{BA915196-873F-46A6-99F5-8B738404167D}.Debug|iPhone.Build.0 = Debug|iPhone
		{BA915196-873F-46A6-99F5-8B738404167D}.Debug|iPhone.Deploy.0 = Debug|iPhone
		{BA915196-873F-46A6-99F5-8B738404167D}.Debug|iPhoneSimulator.ActiveCfg = Debug|iPhoneSimulator
		{BA915196-873F-46A6-99F5-8B738404167D}.Debug|iPhoneSimulator.Build.0 = Debug|iPhoneSimulator
		{BA915196-873F-46A6-99F5-8B738404167D}.Debug|iPhoneSimulator.Deploy.0 = Debug|iPhoneSimulator
		{BA915196-873F-46A6-99F5-8B738404167D}.Release|Any CPU.ActiveCfg = Release|iPhone
		{BA915196-873F-46A6-99F5-8B738404167D}.Release|Any CPU.Build.0 = Release|iPhone
		{BA915196-873F-46A6-99F5-8B738404167D}.Release|Any CPU.Deploy.0 = Release|iPhone
		{BA915196-873F-46A6-99F5-8B738404167D}.Release|iPhone.ActiveCfg = Release|iPhone
		{BA915196-873F-46A6-99F5-8B738404167D}.Release|iPhone.Build.0 = Release|iPhone
		{BA915196-873F-46A6-99F5-8B738404167D}.Release|iPhone.Deploy.0 = Release|iPhone
		{BA915196-873F-46A6-99F5-8B738404167D}.Release|iPhoneSimulator.ActiveCfg = Release|iPhoneSimulator
		{BA915196-873F-46A6-99F5-8B738404167D}.Release|iPhoneSimulator.Build.0 = Release|iPhoneSimulator
		{BA915196-873F-46A6-99F5-8B738404167D}.Release|iPhoneSimulator.Deploy.0 = Release|iPhoneSimulator
		{599ABE8E-BED7-4764-9AA6-CC1554609B4E}.Ad-Hoc|Any CPU.ActiveCfg = Debug|Any CPU
		{599ABE8E-BED7-4764-9AA6-CC1554609B4E}.Ad-Hoc|Any CPU.Build.0 = Debug|Any CPU
		{599ABE8E-BED7-4764-9AA6-CC1554609B4E}.Ad-Hoc|Any CPU.Deploy.0 = Debug|Any CPU
		{599ABE8E-BED7-4764-9AA6-CC1554609B4E}.Ad-Hoc|iPhone.ActiveCfg = Debug|Any CPU
		{599ABE8E-BED7-4764-9AA6-CC1554609B4E}.Ad-Hoc|iPhone.Build.0 = Debug|Any CPU
		{599ABE8E-BED7-4764-9AA6-CC1554609B4E}.Ad-Hoc|iPhone.Deploy.0 = Debug|Any CPU
		{599ABE8E-BED7-4764-9AA6-CC1554609B4E}.Ad-Hoc|iPhoneSimulator.ActiveCfg = Debug|Any CPU
		{599ABE8E-BED7-4764-9AA6-CC1554609B4E}.Ad-Hoc|iPhoneSimulator.Build.0 = Debug|Any CPU
		{599ABE8E-BED7-4764-9AA6-CC1554609B4E}.Ad-Hoc|iPhoneSimulator.Deploy.0 = Debug|Any CPU
		{599ABE8E-BED7-4764-9AA6-CC1554609B4E}.AppStore|Any CPU.ActiveCfg = Debug|Any CPU
		{599ABE8E-BED7-4764-9AA6-CC1554609B4E}.AppStore|Any CPU.Build.0 = Debug|Any CPU
		{599ABE8E-BED7-4764-9AA6-CC1554609B4E}.AppStore|Any CPU.Deploy.0 = Debug|Any CPU
		{599ABE8E-BED7-4764-9AA6-CC1554609B4E}.AppStore|iPhone.ActiveCfg = Debug|Any CPU
		{599ABE8E-BED7-4764-9AA6-CC1554609B4E}.AppStore|iPhone.Build.0 = Debug|Any CPU
		{599ABE8E-BED7-4764-9AA6-CC1554609B4E}.AppStore|iPhone.Deploy.0 = Debug|Any CPU
		{599ABE8E-BED7-4764-9AA6-CC1554609B4E}.AppStore|iPhoneSimulator.ActiveCfg = Debug|Any CPU
		{599ABE8E-BED7-4764-9AA6-CC1554609B4E}.AppStore|iPhoneSimulator.Build.0 = Debug|Any CPU
		{599ABE8E-BED7-4764-9AA6-CC1554609B4E}.AppStore|iPhoneSimulator.Deploy.0 = Debug|Any CPU
		{599ABE8E-BED7-4764-9AA6-CC1554609B4E}.Debug|Any CPU.ActiveCfg = Debug|Any CPU
		{599ABE8E-BED7-4764-9AA6-CC1554609B4E}.Debug|Any CPU.Build.0 = Debug|Any CPU
		{599ABE8E-BED7-4764-9AA6-CC1554609B4E}.Debug|Any CPU.Deploy.0 = Debug|Any CPU
		{599ABE8E-BED7-4764-9AA6-CC1554609B4E}.Debug|iPhone.ActiveCfg = Debug|Any CPU
		{599ABE8E-BED7-4764-9AA6-CC1554609B4E}.Debug|iPhone.Build.0 = Debug|Any CPU
		{599ABE8E-BED7-4764-9AA6-CC1554609B4E}.Debug|iPhone.Deploy.0 = Debug|Any CPU
		{599ABE8E-BED7-4764-9AA6-CC1554609B4E}.Debug|iPhoneSimulator.ActiveCfg = Debug|Any CPU
		{599ABE8E-BED7-4764-9AA6-CC1554609B4E}.Debug|iPhoneSimulator.Build.0 = Debug|Any CPU
		{599ABE8E-BED7-4764-9AA6-CC1554609B4E}.Debug|iPhoneSimulator.Deploy.0 = Debug|Any CPU
		{599ABE8E-BED7-4764-9AA6-CC1554609B4E}.Release|Any CPU.ActiveCfg = Release|Any CPU
		{599ABE8E-BED7-4764-9AA6-CC1554609B4E}.Release|Any CPU.Build.0 = Release|Any CPU
		{599ABE8E-BED7-4764-9AA6-CC1554609B4E}.Release|Any CPU.Deploy.0 = Release|Any CPU
		{599ABE8E-BED7-4764-9AA6-CC1554609B4E}.Release|iPhone.ActiveCfg = Release|Any CPU
		{599ABE8E-BED7-4764-9AA6-CC1554609B4E}.Release|iPhone.Build.0 = Release|Any CPU
		{599ABE8E-BED7-4764-9AA6-CC1554609B4E}.Release|iPhone.Deploy.0 = Release|Any CPU
		{599ABE8E-BED7-4764-9AA6-CC1554609B4E}.Release|iPhoneSimulator.ActiveCfg = Release|Any CPU
		{599ABE8E-BED7-4764-9AA6-CC1554609B4E}.Release|iPhoneSimulator.Build.0 = Release|Any CPU
		{599ABE8E-BED7-4764-9AA6-CC1554609B4E}.Release|iPhoneSimulator.Deploy.0 = Release|Any CPU
	EndGlobalSection
	GlobalSection(SolutionProperties) = preSolution
		HideSolutionNode = FALSE
	EndGlobalSection
	GlobalSection(ExtensibilityGlobals) = postSolution
		SolutionGuid = {B68205ED-A6F7-464A-BF83-B1D659CCD16C}
	EndGlobalSection
EndGlobal
